// !$*UTF8*$!
{
	archiveVersion = 1;
	classes = {
	};
	objectVersion = 48;
	objects = {

/* Begin PBXBuildFile section */
		A20BC7EF1FB17004002647AB /* AppDelegate.swift in Sources */ = {isa = PBXBuildFile; fileRef = A20BC7EE1FB17004002647AB /* AppDelegate.swift */; };
		A20BC7F41FB17004002647AB /* Main.storyboard in Resources */ = {isa = PBXBuildFile; fileRef = A20BC7F21FB17004002647AB /* Main.storyboard */; };
		A20BC7F61FB17004002647AB /* Assets.xcassets in Resources */ = {isa = PBXBuildFile; fileRef = A20BC7F51FB17004002647AB /* Assets.xcassets */; };
		A20BC7F91FB17004002647AB /* LaunchScreen.storyboard in Resources */ = {isa = PBXBuildFile; fileRef = A20BC7F71FB17004002647AB /* LaunchScreen.storyboard */; };
		A20BC8011FB170BD002647AB /* ConverterViewController.swift in Sources */ = {isa = PBXBuildFile; fileRef = A20BC8001FB170BD002647AB /* ConverterViewController.swift */; };
		A2FCC93C1FB2C165007EC0C7 /* Converter.swift in Sources */ = {isa = PBXBuildFile; fileRef = A2FCC93B1FB2C165007EC0C7 /* Converter.swift */; };
/* End PBXBuildFile section */

/* Begin PBXFileReference section */
		A20BC7EB1FB17004002647AB /* Conversion Calculator.app */ = {isa = PBXFileReference; explicitFileType = wrapper.application; includeInIndex = 0; path = "Conversion Calculator.app"; sourceTree = BUILT_PRODUCTS_DIR; };
		A20BC7EE1FB17004002647AB /* AppDelegate.swift */ = {isa = PBXFileReference; lastKnownFileType = sourcecode.swift; path = AppDelegate.swift; sourceTree = "<group>"; };
		A20BC7F31FB17004002647AB /* Base */ = {isa = PBXFileReference; lastKnownFileType = file.storyboard; name = Base; path = Base.lproj/Main.storyboard; sourceTree = "<group>"; };
		A20BC7F51FB17004002647AB /* Assets.xcassets */ = {isa = PBXFileReference; lastKnownFileType = folder.assetcatalog; path = Assets.xcassets; sourceTree = "<group>"; };
		A20BC7F81FB17004002647AB /* Base */ = {isa = PBXFileReference; lastKnownFileType = file.storyboard; name = Base; path = Base.lproj/LaunchScreen.storyboard; sourceTree = "<group>"; };
		A20BC7FA1FB17004002647AB /* Info.plist */ = {isa = PBXFileReference; lastKnownFileType = text.plist.xml; path = Info.plist; sourceTree = "<group>"; };
		A20BC8001FB170BD002647AB /* ConverterViewController.swift */ = {isa = PBXFileReference; lastKnownFileType = sourcecode.swift; path = ConverterViewController.swift; sourceTree = "<group>"; };
		A2FCC93B1FB2C165007EC0C7 /* Converter.swift */ = {isa = PBXFileReference; lastKnownFileType = sourcecode.swift; path = Converter.swift; sourceTree = "<group>"; };
/* End PBXFileReference section */

/* Begin PBXFrameworksBuildPhase section */
		A20BC7E81FB17003002647AB /* Frameworks */ = {
			isa = PBXFrameworksBuildPhase;
			buildActionMask = 2147483647;
			files = (
			);
			runOnlyForDeploymentPostprocessing = 0;
		};
/* End PBXFrameworksBuildPhase section */

/* Begin PBXGroup section */
		A20BC7E21FB17003002647AB = {
			isa = PBXGroup;
			children = (
				A20BC7ED1FB17004002647AB /* Conversion Calculator */,
				A20BC7EC1FB17004002647AB /* Products */,
			);
			sourceTree = "<group>";
		};
		A20BC7EC1FB17004002647AB /* Products */ = {
			isa = PBXGroup;
			children = (
				A20BC7EB1FB17004002647AB /* Conversion Calculator.app */,
			);
			name = Products;
			sourceTree = "<group>";
		};
		A20BC7ED1FB17004002647AB /* Conversion Calculator */ = {
			isa = PBXGroup;
			children = (
				A20BC7EE1FB17004002647AB /* AppDelegate.swift */,
				A20BC7F21FB17004002647AB /* Main.storyboard */,
				A20BC7F51FB17004002647AB /* Assets.xcassets */,
				A20BC7F71FB17004002647AB /* LaunchScreen.storyboard */,
				A20BC7FA1FB17004002647AB /* Info.plist */,
				A20BC8001FB170BD002647AB /* ConverterViewController.swift */,
				A2FCC93B1FB2C165007EC0C7 /* Converter.swift */,
			);
			path = "Conversion Calculator";
			sourceTree = "<group>";
		};
/* End PBXGroup section */

/* Begin PBXNativeTarget section */
		A20BC7EA1FB17003002647AB /* Conversion Calculator */ = {
			isa = PBXNativeTarget;
			buildConfigurationList = A20BC7FD1FB17004002647AB /* Build configuration list for PBXNativeTarget "Conversion Calculator" */;
			buildPhases = (
				A20BC7E71FB17003002647AB /* Sources */,
				A20BC7E81FB17003002647AB /* Frameworks */,
				A20BC7E91FB17003002647AB /* Resources */,
			);
			buildRules = (
			);
			dependencies = (
			);
			name = "Conversion Calculator";
			productName = "Conversion Calculator";
			productReference = A20BC7EB1FB17004002647AB /* Conversion Calculator.app */;
			productType = "com.apple.product-type.application";
		};
/* End PBXNativeTarget section */

/* Begin PBXProject section */
		A20BC7E31FB17003002647AB /* Project object */ = {
			isa = PBXProject;
			attributes = {
				LastSwiftUpdateCheck = 0910;
				LastUpgradeCheck = 0910;
				ORGANIZATIONNAME = "Sean Buchholz";
				TargetAttributes = {
					A20BC7EA1FB17003002647AB = {
						CreatedOnToolsVersion = 9.1;
						ProvisioningStyle = Automatic;
					};
				};
			};
			buildConfigurationList = A20BC7E61FB17003002647AB /* Build configuration list for PBXProject "Conversion Calculator" */;
			compatibilityVersion = "Xcode 8.0";
			developmentRegion = en;
			hasScannedForEncodings = 0;
			knownRegions = (
				en,
				Base,
			);
			mainGroup = A20BC7E21FB17003002647AB;
			productRefGroup = A20BC7EC1FB17004002647AB /* Products */;
			projectDirPath = "";
			projectRoot = "";
			targets = (
				A20BC7EA1FB17003002647AB /* Conversion Calculator */,
			);
		};
/* End PBXProject section */

/* Begin PBXResourcesBuildPhase section */
		A20BC7E91FB17003002647AB /* Resources */ = {
			isa = PBXResourcesBuildPhase;
			buildActionMask = 2147483647;
			files = (
				A20BC7F91FB17004002647AB /* LaunchScreen.storyboard in Resources */,
				A20BC7F61FB17004002647AB /* Assets.xcassets in Resources */,
				A20BC7F41FB17004002647AB /* Main.storyboard in Resources */,
			);
			runOnlyForDeploymentPostprocessing = 0;
		};
/* End PBXResourcesBuildPhase section */

/* Begin PBXSourcesBuildPhase section */
		A20BC7E71FB17003002647AB /* Sources */ = {
			isa = PBXSourcesBuildPhase;
			buildActionMask = 2147483647;
			files = (
				A20BC7EF1FB17004002647AB /* AppDelegate.swift in Sources */,
				A2FCC93C1FB2C165007EC0C7 /* Converter.swift in Sources */,
				A20BC8011FB170BD002647AB /* ConverterViewController.swift in Sources */,
			);
			runOnlyForDeploymentPostprocessing = 0;
		};
/* End PBXSourcesBuildPhase section */

/* Begin PBXVariantGroup section */
		A20BC7F21FB17004002647AB /* Main.storyboard */ = {
			isa = PBXVariantGroup;
			children = (
				A20BC7F31FB17004002647AB /* Base */,
			);
			name = Main.storyboard;
			sourceTree = "<group>";
		};
		A20BC7F71FB17004002647AB /* LaunchScreen.storyboard */ = {
			isa = PBXVariantGroup;
			children = (
				A20BC7F81FB17004002647AB /* Base */,
			);
			name = LaunchScreen.storyboard;
			sourceTree = "<group>";
		};
/* End PBXVariantGroup section */

/* Begin XCBuildConfiguration section */
		A20BC7FB1FB17004002647AB /* Debug */ = {
			isa = XCBuildConfiguration;
			buildSettings = {
				ALWAYS_SEARCH_USER_PATHS = NO;
				CLANG_ANALYZER_NONNULL = YES;
				CLANG_ANALYZER_NUMBER_OBJECT_CONVERSION = YES_AGGRESSIVE;
				CLANG_CXX_LANGUAGE_STANDARD = "gnu++14";
				CLANG_CXX_LIBRARY = "libc++";
				CLANG_ENABLE_MODULES = YES;
				CLANG_ENABLE_OBJC_ARC = YES;
				CLANG_WARN_BLOCK_CAPTURE_AUTORELEASING = YES;
				CLANG_WARN_BOOL_CONVERSION = YES;
				CLANG_WARN_COMMA = YES;
				CLANG_WARN_CONSTANT_CONVERSION = YES;
				CLANG_WARN_DIRECT_OBJC_ISA_USAGE = YES_ERROR;
				CLANG_WARN_DOCUMENTATION_COMMENTS = YES;
				CLANG_WARN_EMPTY_BODY = YES;
				CLANG_WARN_ENUM_CONVERSION = YES;
				CLANG_WARN_INFINITE_RECURSION = YES;
				CLANG_WARN_INT_CONVERSION = YES;
				CLANG_WARN_NON_LITERAL_NULL_CONVERSION = YES;
				CLANG_WARN_OBJC_LITERAL_CONVERSION = YES;
				CLANG_WARN_OBJC_ROOT_CLASS = YES_ERROR;
				CLANG_WARN_RANGE_LOOP_ANALYSIS = YES;
				CLANG_WARN_STRICT_PROTOTYPES = YES;
				CLANG_WARN_SUSPICIOUS_MOVE = YES;
				CLANG_WARN_UNGUARDED_AVAILABILITY = YES_AGGRESSIVE;
				CLANG_WARN_UNREACHABLE_CODE = YES;
				CLANG_WARN__DUPLICATE_METHOD_MATCH = YES;
				CODE_SIGN_IDENTITY = "iPhone Developer";
				COPY_PHASE_STRIP = NO;
				DEBUG_INFORMATION_FORMAT = dwarf;
				ENABLE_STRICT_OBJC_MSGSEND = YES;
				ENABLE_TESTABILITY = YES;
				GCC_C_LANGUAGE_STANDARD = gnu11;
				GCC_DYNAMIC_NO_PIC = NO;
				GCC_NO_COMMON_BLOCKS = YES;
				GCC_OPTIMIZATION_LEVEL = 0;
				GCC_PREPROCESSOR_DEFINITIONS = (
					"DEBUG=1",
					"$(inherited)",
				);
				GCC_WARN_64_TO_32_BIT_CONVERSION = YES;
				GCC_WARN_ABOUT_RETURN_TYPE = YES_ERROR;
				GCC_WARN_UNDECLARED_SELECTOR = YES;
				GCC_WARN_UNINITIALIZED_AUTOS = YES_AGGRESSIVE;
				GCC_WARN_UNUSED_FUNCTION = YES;
				GCC_WARN_UNUSED_VARIABLE = YES;
				IPHONEOS_DEPLOYMENT_TARGET = 11.1;
				MTL_ENABLE_DEBUG_INFO = YES;
				ONLY_ACTIVE_ARCH = YES;
				SDKROOT = iphoneos;
				SWIFT_ACTIVE_COMPILATION_CONDITIONS = DEBUG;
				SWIFT_OPTIMIZATION_LEVEL = "-Onone";
			};
			name = Debug;
		};
		A20BC7FC1FB17004002647AB /* Release */ = {
			isa = XCBuildConfiguration;
			buildSettings = {
				ALWAYS_SEARCH_USER_PATHS = NO;
				CLANG_ANALYZER_NONNULL = YES;
				CLANG_ANALYZER_NUMBER_OBJECT_CONVERSION = YES_AGGRESSIVE;
				CLANG_CXX_LANGUAGE_STANDARD = "gnu++14";
				CLANG_CXX_LIBRARY = "libc++";
				CLANG_ENABLE_MODULES = YES;
				CLANG_ENABLE_OBJC_ARC = YES;
				CLANG_WARN_BLOCK_CAPTURE_AUTORELEASING = YES;
				CLANG_WARN_BOOL_CONVERSION = YES;
				CLANG_WARN_COMMA = YES;
				CLANG_WARN_CONSTANT_CONVERSION = YES;
				CLANG_WARN_DIRECT_OBJC_ISA_USAGE = YES_ERROR;
				CLANG_WARN_DOCUMENTATION_COMMENTS = YES;
				CLANG_WARN_EMPTY_BODY = YES;
				CLANG_WARN_ENUM_CONVERSION = YES;
				CLANG_WARN_INFINITE_RECURSION = YES;
				CLANG_WARN_INT_CONVERSION = YES;
				CLANG_WARN_NON_LITERAL_NULL_CONVERSION = YES;
				CLANG_WARN_OBJC_LITERAL_CONVERSION = YES;
				CLANG_WARN_OBJC_ROOT_CLASS = YES_ERROR;
				CLANG_WARN_RANGE_LOOP_ANALYSIS = YES;
				CLANG_WARN_STRICT_PROTOTYPES = YES;
				CLANG_WARN_SUSPICIOUS_MOVE = YES;
				CLANG_WARN_UNGUARDED_AVAILABILITY = YES_AGGRESSIVE;
				CLANG_WARN_UNREACHABLE_CODE = YES;
				CLANG_WARN__DUPLICATE_METHOD_MATCH = YES;
				CODE_SIGN_IDENTITY = "iPhone Developer";
				COPY_PHASE_STRIP = NO;
				DEBUG_INFORMATION_FORMAT = "dwarf-with-dsym";
				ENABLE_NS_ASSERTIONS = NO;
				ENABLE_STRICT_OBJC_MSGSEND = YES;
				GCC_C_LANGUAGE_STANDARD = gnu11;
				GCC_NO_COMMON_BLOCKS = YES;
				GCC_WARN_64_TO_32_BIT_CONVERSION = YES;
				GCC_WARN_ABOUT_RETURN_TYPE = YES_ERROR;
				GCC_WARN_UNDECLARED_SELECTOR = YES;
				GCC_WARN_UNINITIALIZED_AUTOS = YES_AGGRESSIVE;
				GCC_WARN_UNUSED_FUNCTION = YES;
				GCC_WARN_UNUSED_VARIABLE = YES;
				IPHONEOS_DEPLOYMENT_TARGET = 11.1;
				MTL_ENABLE_DEBUG_INFO = NO;
				SDKROOT = iphoneos;
				SWIFT_OPTIMIZATION_LEVEL = "-Owholemodule";
				VALIDATE_PRODUCT = YES;
			};
			name = Release;
		};
		A20BC7FE1FB17004002647AB /* Debug */ = {
			isa = XCBuildConfiguration;
			buildSettings = {
				ASSETCATALOG_COMPILER_APPICON_NAME = AppIcon;
				CODE_SIGN_STYLE = Automatic;
				INFOPLIST_FILE = "Conversion Calculator/Info.plist";
				LD_RUNPATH_SEARCH_PATHS = "$(inherited) @executable_path/Frameworks";
				PRODUCT_BUNDLE_IDENTIFIER = "com.seanbuchholz.Conversion-Calculator";
				PRODUCT_NAME = "$(TARGET_NAME)";
				SWIFT_VERSION = 4.0;
				TARGETED_DEVICE_FAMILY = "1,2";
			};
			name = Debug;
		};
		A20BC7FF1FB17004002647AB /* Release */ = {
			isa = XCBuildConfiguration;
			buildSettings = {
				ASSETCATALOG_COMPILER_APPICON_NAME = AppIcon;
				CODE_SIGN_STYLE = Automatic;
				INFOPLIST_FILE = "Conversion Calculator/Info.plist";
				LD_RUNPATH_SEARCH_PATHS = "$(inherited) @executable_path/Frameworks";
				PRODUCT_BUNDLE_IDENTIFIER = "com.seanbuchholz.Conversion-Calculator";
				PRODUCT_NAME = "$(TARGET_NAME)";
				SWIFT_VERSION = 4.0;
				TARGETED_DEVICE_FAMILY = "1,2";
			};
			name = Release;
		};
/* End XCBuildConfiguration section */

/* Begin XCConfigurationList section */
		A20BC7E61FB17003002647AB /* Build configuration list for PBXProject "Conversion Calculator" */ = {
			isa = XCConfigurationList;
			buildConfigurations = (
				A20BC7FB1FB17004002647AB /* Debug */,
				A20BC7FC1FB17004002647AB /* Release */,
			);
			defaultConfigurationIsVisible = 0;
			defaultConfigurationName = Release;
		};
		A20BC7FD1FB17004002647AB /* Build configuration list for PBXNativeTarget "Conversion Calculator" */ = {
			isa = XCConfigurationList;
			buildConfigurations = (
				A20BC7FE1FB17004002647AB /* Debug */,
				A20BC7FF1FB17004002647AB /* Release */,
			);
			defaultConfigurationIsVisible = 0;
			defaultConfigurationName = Release;
		};
/* End XCConfigurationList section */
	};
	rootObject = A20BC7E31FB17003002647AB /* Project object */;
}
